
Microsoft Visual Studio Solution File, Format Version 12.00
# Visual Studio Version 17
VisualStudioVersion = 17.14.36908.2 d17.14
MinimumVisualStudioVersion = 10.0.40219.1
Project("{FAE04EC0-301F-11D3-BF4B-00C04F79EFBC}") = "Module.9.6.2", "Module.9.6.2\Module.9.6.2.csproj", "{2071BB29-2850-4E2D-AFCF-BF994A57217A}"
EndProject
Global
	GlobalSection(SolutionConfigurationPlatforms) = preSolution
		Debug|Any CPU = Debug|Any CPU
		Release|Any CPU = Release|Any CPU
	EndGlobalSection
	GlobalSection(ProjectConfigurationPlatforms) = postSolution
		{2071BB29-2850-4E2D-AFCF-BF994A57217A}.Debug|Any CPU.ActiveCfg = Debug|Any CPU
		{2071BB29-2850-4E2D-AFCF-BF994A57217A}.Debug|Any CPU.Build.0 = Debug|Any CPU
		{2071BB29-2850-4E2D-AFCF-BF994A57217A}.Release|Any CPU.ActiveCfg = Release|Any CPU
		{2071BB29-2850-4E2D-AFCF-BF994A57217A}.Release|Any CPU.Build.0 = Release|Any CPU
	EndGlobalSection
	GlobalSection(SolutionProperties) = preSolution
		HideSolutionNode = FALSE
	EndGlobalSection
	GlobalSection(ExtensibilityGlobals) = postSolution
		SolutionGuid = {9841609B-4DEF-488A-8DA1-CFA51589AA51}
	EndGlobalSection
EndGlobal
